
Microsoft Visual Studio Solution File, Format Version 12.00
# Visual Studio Version 16
VisualStudioVersion = 16.0.30517.126
MinimumVisualStudioVersion = 10.0.40219.1
Project("{FAE04EC0-301F-11D3-BF4B-00C04F79EFBC}") = "Tabela de Pontos", "Tabela de Pontos\Tabela de Pontos.csproj", "{2F23046B-112A-45A5-88B0-E1F143A23DDD}"
EndProject
Project("{FAE04EC0-301F-11D3-BF4B-00C04F79EFBC}") = "UnitTest", "UnitTest\UnitTest.csproj", "{437E187A-F248-4B0A-9754-74DE43D6EE63}"
EndProject
Global
	GlobalSection(SolutionConfigurationPlatforms) = preSolution
		Debug|Any CPU = Debug|Any CPU
		Release|Any CPU = Release|Any CPU
	EndGlobalSection
	GlobalSection(ProjectConfigurationPlatforms) = postSolution
		{2F23046B-112A-45A5-88B0-E1F143A23DDD}.Debug|Any CPU.ActiveCfg = Debug|Any CPU
		{2F23046B-112A-45A5-88B0-E1F143A23DDD}.Debug|Any CPU.Build.0 = Debug|Any CPU
		{2F23046B-112A-45A5-88B0-E1F143A23DDD}.Release|Any CPU.ActiveCfg = Release|Any CPU
		{2F23046B-112A-45A5-88B0-E1F143A23DDD}.Release|Any CPU.Build.0 = Release|Any CPU
		{437E187A-F248-4B0A-9754-74DE43D6EE63}.Debug|Any CPU.ActiveCfg = Debug|Any CPU
		{437E187A-F248-4B0A-9754-74DE43D6EE63}.Debug|Any CPU.Build.0 = Debug|Any CPU
		{437E187A-F248-4B0A-9754-74DE43D6EE63}.Release|Any CPU.ActiveCfg = Release|Any CPU
		{437E187A-F248-4B0A-9754-74DE43D6EE63}.Release|Any CPU.Build.0 = Release|Any CPU
	EndGlobalSection
	GlobalSection(SolutionProperties) = preSolution
		HideSolutionNode = FALSE
	EndGlobalSection
	GlobalSection(ExtensibilityGlobals) = postSolution
		SolutionGuid = {5D4E022D-C69D-48BC-9A4B-CF7E254E9417}
	EndGlobalSection
EndGlobal
